PODS:
  - React (0.36.0):
    - React/Core (= 0.36.0)
  - react-native-maps (0.14.0):
    - React
  - React/Core (0.36.0)
  - React/RCTActionSheet (0.36.0):
    - React/Core
  - React/RCTAnimation (0.36.0):
    - React/Core
  - React/RCTGeolocation (0.36.0):
    - React/Core
  - React/RCTImage (0.36.0):
    - React/Core
    - React/RCTNetwork
  - React/RCTLinkingIOS (0.36.0):
    - React/Core
  - React/RCTNetwork (0.36.0):
    - React/Core
  - React/RCTSettings (0.36.0):
    - React/Core
  - React/RCTText (0.36.0):
    - React/Core
  - React/RCTVibration (0.36.0):
    - React/Core
  - React/RCTWebSocket (0.36.0):
    - React/Core

DEPENDENCIES:
  - react-native-maps (from `../node_modules/react-native-maps`)
  - React/Core (from `../node_modules/react-native`)
  - React/RCTActionSheet (from `../node_modules/react-native`)
  - React/RCTAnimation (from `../node_modules/react-native`)
  - React/RCTGeolocation (from `../node_modules/react-native`)
  - React/RCTImage (from `../node_modules/react-native`)
  - React/RCTLinkingIOS (from `../node_modules/react-native`)
  - React/RCTNetwork (from `../node_modules/react-native`)
  - React/RCTSettings (from `../node_modules/react-native`)
  - React/RCTText (from `../node_modules/react-native`)
  - React/RCTVibration (from `../node_modules/react-native`)
  - React/RCTWebSocket (from `../node_modules/react-native`)

EXTERNAL SOURCES:
  React:
    :path: "../node_modules/react-native"
  react-native-maps:
    :path: "../node_modules/react-native-maps"

SPEC CHECKSUMS:
  React: 01dc10a6bec41af17a89c66298357f6621e58d5f
  react-native-maps: c0145d0e4c31e6ce48cbe124543a4331baecfc7b

PODFILE CHECKSUM: 30b3ab4968352c743782e489099b3a57713d274a

COCOAPODS: 1.2.1
